
Microsoft Visual Studio Solution File, Format Version 12.00
# Visual Studio Version 17
VisualStudioVersion = 17.11.35327.3
MinimumVisualStudioVersion = 10.0.40219.1
Project("{FAE04EC0-301F-11D3-BF4B-00C04F79EFBC}") = "InheritanceBasics", "InheritanceBasics\InheritanceBasics.csproj", "{145054CB-588A-4155-93F7-6071A8FA1B04}"
EndProject
Project("{FAE04EC0-301F-11D3-BF4B-00C04F79EFBC}") = "SomeLibrary", "SomeLibrary\SomeLibrary.csproj", "{6A622A5A-F574-4DAA-8C86-0342EF1D31DE}"
EndProject
Global
	GlobalSection(SolutionConfigurationPlatforms) = preSolution
		Debug|Any CPU = Debug|Any CPU
		Release|Any CPU = Release|Any CPU
	EndGlobalSection
	GlobalSection(ProjectConfigurationPlatforms) = postSolution
		{145054CB-588A-4155-93F7-6071A8FA1B04}.Debug|Any CPU.ActiveCfg = Debug|Any CPU
		{145054CB-588A-4155-93F7-6071A8FA1B04}.Debug|Any CPU.Build.0 = Debug|Any CPU
		{145054CB-588A-4155-93F7-6071A8FA1B04}.Release|Any CPU.ActiveCfg = Release|Any CPU
		{145054CB-588A-4155-93F7-6071A8FA1B04}.Release|Any CPU.Build.0 = Release|Any CPU
		{6A622A5A-F574-4DAA-8C86-0342EF1D31DE}.Debug|Any CPU.ActiveCfg = Debug|Any CPU
		{6A622A5A-F574-4DAA-8C86-0342EF1D31DE}.Debug|Any CPU.Build.0 = Debug|Any CPU
		{6A622A5A-F574-4DAA-8C86-0342EF1D31DE}.Release|Any CPU.ActiveCfg = Release|Any CPU
		{6A622A5A-F574-4DAA-8C86-0342EF1D31DE}.Release|Any CPU.Build.0 = Release|Any CPU
	EndGlobalSection
	GlobalSection(SolutionProperties) = preSolution
		HideSolutionNode = FALSE
	EndGlobalSection
	GlobalSection(ExtensibilityGlobals) = postSolution
		SolutionGuid = {B7E50466-E9C5-4C1D-9298-9C765BE0AA2E}
	EndGlobalSection
EndGlobal
