
Microsoft Visual Studio Solution File, Format Version 12.00
# Visual Studio Version 17
VisualStudioVersion = 17.11.35327.3
MinimumVisualStudioVersion = 10.0.40219.1
Project("{FAE04EC0-301F-11D3-BF4B-00C04F79EFBC}") = "CollectionBasics", "CollectionBasics\CollectionBasics.csproj", "{7FF2DE0E-58B5-4FF6-8A8D-93E011EDFD53}"
EndProject
Global
	GlobalSection(SolutionConfigurationPlatforms) = preSolution
		Debug|Any CPU = Debug|Any CPU
		Release|Any CPU = Release|Any CPU
	EndGlobalSection
	GlobalSection(ProjectConfigurationPlatforms) = postSolution
		{7FF2DE0E-58B5-4FF6-8A8D-93E011EDFD53}.Debug|Any CPU.ActiveCfg = Debug|Any CPU
		{7FF2DE0E-58B5-4FF6-8A8D-93E011EDFD53}.Debug|Any CPU.Build.0 = Debug|Any CPU
		{7FF2DE0E-58B5-4FF6-8A8D-93E011EDFD53}.Release|Any CPU.ActiveCfg = Release|Any CPU
		{7FF2DE0E-58B5-4FF6-8A8D-93E011EDFD53}.Release|Any CPU.Build.0 = Release|Any CPU
	EndGlobalSection
	GlobalSection(SolutionProperties) = preSolution
		HideSolutionNode = FALSE
	EndGlobalSection
	GlobalSection(ExtensibilityGlobals) = postSolution
		SolutionGuid = {B6360E36-0AB9-43DF-8EF5-ED9E762F3ECF}
	EndGlobalSection
EndGlobal
